// !$*UTF8*$!
{
	archiveVersion = 1;
	classes = {
	};
	objectVersion = 77;
	objects = {

/* Begin PBXContainerItemProxy section */
		A0037E182E4393C200A69134 /* PBXContainerItemProxy */ = {
			isa = PBXContainerItemProxy;
			containerPortal = A0037DFF2E4393BF00A69134 /* Project object */;
			proxyType = 1;
			remoteGlobalIDString = A0037E062E4393BF00A69134;
			remoteInfo = SimpleCleanArchitecture;
		};
		A0037E222E4393C200A69134 /* PBXContainerItemProxy */ = {
			isa = PBXContainerItemProxy;
			containerPortal = A0037DFF2E4393BF00A69134 /* Project object */;
			proxyType = 1;
			remoteGlobalIDString = A0037E062E4393BF00A69134;
			remoteInfo = SimpleCleanArchitecture;
		};
/* End PBXContainerItemProxy section */

/* Begin PBXFileReference section */
		A0037E072E4393BF00A69134 /* SimpleCleanArchitecture.app */ = {isa = PBXFileReference; explicitFileType = wrapper.application; includeInIndex = 0; path = SimpleCleanArchitecture.app; sourceTree = BUILT_PRODUCTS_DIR; };
		A0037E172E4393C200A69134 /* SimpleCleanArchitectureTests.xctest */ = {isa = PBXFileReference; explicitFileType = wrapper.cfbundle; includeInIndex = 0; path = SimpleCleanArchitectureTests.xctest; sourceTree = BUILT_PRODUCTS_DIR; };
		A0037E212E4393C200A69134 /* SimpleCleanArchitectureUITests.xctest */ = {isa = PBXFileReference; explicitFileType = wrapper.cfbundle; includeInIndex = 0; path = SimpleCleanArchitectureUITests.xctest; sourceTree = BUILT_PRODUCTS_DIR; };
/* End PBXFileReference section */

/* Begin PBXFileSystemSynchronizedRootGroup section */
		A0037E092E4393BF00A69134 /* SimpleCleanArchitecture */ = {
			isa = PBXFileSystemSynchronizedRootGroup;
			path = SimpleCleanArchitecture;
			sourceTree = "<group>";
		};
		A0037E1A2E4393C200A69134 /* SimpleCleanArchitectureTests */ = {
			isa = PBXFileSystemSynchronizedRootGroup;
			path = SimpleCleanArchitectureTests;
			sourceTree = "<group>";
		};
		A0037E242E4393C200A69134 /* SimpleCleanArchitectureUITests */ = {
			isa = PBXFileSystemSynchronizedRootGroup;
			path = SimpleCleanArchitectureUITests;
			sourceTree = "<group>";
		};
/* End PBXFileSystemSynchronizedRootGroup section */

/* Begin PBXFrameworksBuildPhase section */
		A0037E042E4393BF00A69134 /* Frameworks */ = {
			isa = PBXFrameworksBuildPhase;
			buildActionMask = 2147483647;
			files = (
			);
			runOnlyForDeploymentPostprocessing = 0;
		};
		A0037E142E4393C200A69134 /* Frameworks */ = {
			isa = PBXFrameworksBuildPhase;
			buildActionMask = 2147483647;
			files = (
			);
			runOnlyForDeploymentPostprocessing = 0;
		};
		A0037E1E2E4393C200A69134 /* Frameworks */ = {
			isa = PBXFrameworksBuildPhase;
			buildActionMask = 2147483647;
			files = (
			);
			runOnlyForDeploymentPostprocessing = 0;
		};
/* End PBXFrameworksBuildPhase section */

/* Begin PBXGroup section */
		A0037DFE2E4393BF00A69134 = {
			isa = PBXGroup;
			children = (
				A0037E092E4393BF00A69134 /* SimpleCleanArchitecture */,
				A0037E1A2E4393C200A69134 /* SimpleCleanArchitectureTests */,
				A0037E242E4393C200A69134 /* SimpleCleanArchitectureUITests */,
				A0037E082E4393BF00A69134 /* Products */,
			);
			sourceTree = "<group>";
		};
		A0037E082E4393BF00A69134 /* Products */ = {
			isa = PBXGroup;
			children = (
				A0037E072E4393BF00A69134 /* SimpleCleanArchitecture.app */,
				A0037E172E4393C200A69134 /* SimpleCleanArchitectureTests.xctest */,
				A0037E212E4393C200A69134 /* SimpleCleanArchitectureUITests.xctest */,
			);
			name = Products;
			sourceTree = "<group>";
		};
/* End PBXGroup section */

/* Begin PBXNativeTarget section */
		A0037E062E4393BF00A69134 /* SimpleCleanArchitecture */ = {
			isa = PBXNativeTarget;
			buildConfigurationList = A0037E2B2E4393C200A69134 /* Build configuration list for PBXNativeTarget "SimpleCleanArchitecture" */;
			buildPhases = (
				A0037E032E4393BF00A69134 /* Sources */,
				A0037E042E4393BF00A69134 /* Frameworks */,
				A0037E052E4393BF00A69134 /* Resources */,
			);
			buildRules = (
			);
			dependencies = (
			);
			fileSystemSynchronizedGroups = (
				A0037E092E4393BF00A69134 /* SimpleCleanArchitecture */,
			);
			name = SimpleCleanArchitecture;
			packageProductDependencies = (
			);
			productName = SimpleCleanArchitecture;
			productReference = A0037E072E4393BF00A69134 /* SimpleCleanArchitecture.app */;
			productType = "com.apple.product-type.application";
		};
		A0037E162E4393C200A69134 /* SimpleCleanArchitectureTests */ = {
			isa = PBXNativeTarget;
			buildConfigurationList = A0037E2E2E4393C200A69134 /* Build configuration list for PBXNativeTarget "SimpleCleanArchitectureTests" */;
			buildPhases = (
				A0037E132E4393C200A69134 /* Sources */,
				A0037E142E4393C200A69134 /* Frameworks */,
				A0037E152E4393C200A69134 /* Resources */,
			);
			buildRules = (
			);
			dependencies = (
				A0037E192E4393C200A69134 /* PBXTargetDependency */,
			);
			fileSystemSynchronizedGroups = (
				A0037E1A2E4393C200A69134 /* SimpleCleanArchitectureTests */,
			);
			name = SimpleCleanArchitectureTests;
			packageProductDependencies = (
			);
			productName = SimpleCleanArchitectureTests;
			productReference = A0037E172E4393C200A69134 /* SimpleCleanArchitectureTests.xctest */;
			productType = "com.apple.product-type.bundle.unit-test";
		};
		A0037E202E4393C200A69134 /* SimpleCleanArchitectureUITests */ = {
			isa = PBXNativeTarget;
			buildConfigurationList = A0037E312E4393C200A69134 /* Build configuration list for PBXNativeTarget "SimpleCleanArchitectureUITests" */;
			buildPhases = (
				A0037E1D2E4393C200A69134 /* Sources */,
				A0037E1E2E4393C200A69134 /* Frameworks */,
				A0037E1F2E4393C200A69134 /* Resources */,
			);
			buildRules = (
			);
			dependencies = (
				A0037E232E4393C200A69134 /* PBXTargetDependency */,
			);
			fileSystemSynchronizedGroups = (
				A0037E242E4393C200A69134 /* SimpleCleanArchitectureUITests */,
			);
			name = SimpleCleanArchitectureUITests;
			packageProductDependencies = (
			);
			productName = SimpleCleanArchitectureUITests;
			productReference = A0037E212E4393C200A69134 /* SimpleCleanArchitectureUITests.xctest */;
			productType = "com.apple.product-type.bundle.ui-testing";
		};
/* End PBXNativeTarget section */

/* Begin PBXProject section */
		A0037DFF2E4393BF00A69134 /* Project object */ = {
			isa = PBXProject;
			attributes = {
				BuildIndependentTargetsInParallel = 1;
				LastSwiftUpdateCheck = 1620;
				LastUpgradeCheck = 1620;
				TargetAttributes = {
					A0037E062E4393BF00A69134 = {
						CreatedOnToolsVersion = 16.2;
					};
					A0037E162E4393C200A69134 = {
						CreatedOnToolsVersion = 16.2;
						TestTargetID = A0037E062E4393BF00A69134;
					};
					A0037E202E4393C200A69134 = {
						CreatedOnToolsVersion = 16.2;
						TestTargetID = A0037E062E4393BF00A69134;
					};
				};
			};
			buildConfigurationList = A0037E022E4393BF00A69134 /* Build configuration list for PBXProject "SimpleCleanArchitecture" */;
			developmentRegion = en;
			hasScannedForEncodings = 0;
			knownRegions = (
				en,
				Base,
			);
			mainGroup = A0037DFE2E4393BF00A69134;
			minimizedProjectReferenceProxies = 1;
			preferredProjectObjectVersion = 77;
			productRefGroup = A0037E082E4393BF00A69134 /* Products */;
			projectDirPath = "";
			projectRoot = "";
			targets = (
				A0037E062E4393BF00A69134 /* SimpleCleanArchitecture */,
				A0037E162E4393C200A69134 /* SimpleCleanArchitectureTests */,
				A0037E202E4393C200A69134 /* SimpleCleanArchitectureUITests */,
			);
		};
/* End PBXProject section */

/* Begin PBXResourcesBuildPhase section */
		A0037E052E4393BF00A69134 /* Resources */ = {
			isa = PBXResourcesBuildPhase;
			buildActionMask = 2147483647;
			files = (
			);
			runOnlyForDeploymentPostprocessing = 0;
		};
		A0037E152E4393C200A69134 /* Resources */ = {
			isa = PBXResourcesBuildPhase;
			buildActionMask = 2147483647;
			files = (
			);
			runOnlyForDeploymentPostprocessing = 0;
		};
		A0037E1F2E4393C200A69134 /* Resources */ = {
			isa = PBXResourcesBuildPhase;
			buildActionMask = 2147483647;
			files = (
			);
			runOnlyForDeploymentPostprocessing = 0;
		};
/* End PBXResourcesBuildPhase section */

/* Begin PBXSourcesBuildPhase section */
		A0037E032E4393BF00A69134 /* Sources */ = {
			isa = PBXSourcesBuildPhase;
			buildActionMask = 2147483647;
			files = (
			);
			runOnlyForDeploymentPostprocessing = 0;
		};
		A0037E132E4393C200A69134 /* Sources */ = {
			isa = PBXSourcesBuildPhase;
			buildActionMask = 2147483647;
			files = (
			);
			runOnlyForDeploymentPostprocessing = 0;
		};
		A0037E1D2E4393C200A69134 /* Sources */ = {
			isa = PBXSourcesBuildPhase;
			buildActionMask = 2147483647;
			files = (
			);
			runOnlyForDeploymentPostprocessing = 0;
		};
/* End PBXSourcesBuildPhase section */

/* Begin PBXTargetDependency section */
		A0037E192E4393C200A69134 /* PBXTargetDependency */ = {
			isa = PBXTargetDependency;
			target = A0037E062E4393BF00A69134 /* SimpleCleanArchitecture */;
			targetProxy = A0037E182E4393C200A69134 /* PBXContainerItemProxy */;
		};
		A0037E232E4393C200A69134 /* PBXTargetDependency */ = {
			isa = PBXTargetDependency;
			target = A0037E062E4393BF00A69134 /* SimpleCleanArchitecture */;
			targetProxy = A0037E222E4393C200A69134 /* PBXContainerItemProxy */;
		};
/* End PBXTargetDependency section */

/* Begin XCBuildConfiguration section */
		A0037E292E4393C200A69134 /* Debug */ = {
			isa = XCBuildConfiguration;
			buildSettings = {
				ALWAYS_SEARCH_USER_PATHS = NO;
				ASSETCATALOG_COMPILER_GENERATE_SWIFT_ASSET_SYMBOL_EXTENSIONS = YES;
				CLANG_ANALYZER_NONNULL = YES;
				CLANG_ANALYZER_NUMBER_OBJECT_CONVERSION = YES_AGGRESSIVE;
				CLANG_CXX_LANGUAGE_STANDARD = "gnu++20";
				CLANG_ENABLE_MODULES = YES;
				CLANG_ENABLE_OBJC_ARC = YES;
				CLANG_ENABLE_OBJC_WEAK = YES;
				CLANG_WARN_BLOCK_CAPTURE_AUTORELEASING = YES;
				CLANG_WARN_BOOL_CONVERSION = YES;
				CLANG_WARN_COMMA = YES;
				CLANG_WARN_CONSTANT_CONVERSION = YES;
				CLANG_WARN_DEPRECATED_OBJC_IMPLEMENTATIONS = YES;
				CLANG_WARN_DIRECT_OBJC_ISA_USAGE = YES_ERROR;
				CLANG_WARN_DOCUMENTATION_COMMENTS = YES;
				CLANG_WARN_EMPTY_BODY = YES;
				CLANG_WARN_ENUM_CONVERSION = YES;
				CLANG_WARN_INFINITE_RECURSION = YES;
				CLANG_WARN_INT_CONVERSION = YES;
				CLANG_WARN_NON_LITERAL_NULL_CONVERSION = YES;
				CLANG_WARN_OBJC_IMPLICIT_RETAIN_SELF = YES;
				CLANG_WARN_OBJC_LITERAL_CONVERSION = YES;
				CLANG_WARN_OBJC_ROOT_CLASS = YES_ERROR;
				CLANG_WARN_QUOTED_INCLUDE_IN_FRAMEWORK_HEADER = YES;
				CLANG_WARN_RANGE_LOOP_ANALYSIS = YES;
				CLANG_WARN_STRICT_PROTOTYPES = YES;
				CLANG_WARN_SUSPICIOUS_MOVE = YES;
				CLANG_WARN_UNGUARDED_AVAILABILITY = YES_AGGRESSIVE;
				CLANG_WARN_UNREACHABLE_CODE = YES;
				CLANG_WARN__DUPLICATE_METHOD_MATCH = YES;
				COPY_PHASE_STRIP = NO;
				DEBUG_INFORMATION_FORMAT = dwarf;
				ENABLE_STRICT_OBJC_MSGSEND = YES;
				ENABLE_TESTABILITY = YES;
				ENABLE_USER_SCRIPT_SANDBOXING = YES;
				GCC_C_LANGUAGE_STANDARD = gnu17;
				GCC_DYNAMIC_NO_PIC = NO;
				GCC_NO_COMMON_BLOCKS = YES;
				GCC_OPTIMIZATION_LEVEL = 0;
				GCC_PREPROCESSOR_DEFINITIONS = (
					"DEBUG=1",
					"$(inherited)",
				);
				GCC_WARN_64_TO_32_BIT_CONVERSION = YES;
				GCC_WARN_ABOUT_RETURN_TYPE = YES_ERROR;
				GCC_WARN_UNDECLARED_SELECTOR = YES;
				GCC_WARN_UNINITIALIZED_AUTOS = YES_AGGRESSIVE;
				GCC_WARN_UNUSED_FUNCTION = YES;
				GCC_WARN_UNUSED_VARIABLE = YES;
				IPHONEOS_DEPLOYMENT_TARGET = 18.2;
				LOCALIZATION_PREFERS_STRING_CATALOGS = YES;
				MTL_ENABLE_DEBUG_INFO = INCLUDE_SOURCE;
				MTL_FAST_MATH = YES;
				ONLY_ACTIVE_ARCH = YES;
				SDKROOT = iphoneos;
				SWIFT_ACTIVE_COMPILATION_CONDITIONS = "DEBUG $(inherited)";
				SWIFT_OPTIMIZATION_LEVEL = "-Onone";
			};
			name = Debug;
		};
		A0037E2A2E4393C200A69134 /* Release */ = {
			isa = XCBuildConfiguration;
			buildSettings = {
				ALWAYS_SEARCH_USER_PATHS = NO;
				ASSETCATALOG_COMPILER_GENERATE_SWIFT_ASSET_SYMBOL_EXTENSIONS = YES;
				CLANG_ANALYZER_NONNULL = YES;
				CLANG_ANALYZER_NUMBER_OBJECT_CONVERSION = YES_AGGRESSIVE;
				CLANG_CXX_LANGUAGE_STANDARD = "gnu++20";
				CLANG_ENABLE_MODULES = YES;
				CLANG_ENABLE_OBJC_ARC = YES;
				CLANG_ENABLE_OBJC_WEAK = YES;
				CLANG_WARN_BLOCK_CAPTURE_AUTORELEASING = YES;
				CLANG_WARN_BOOL_CONVERSION = YES;
				CLANG_WARN_COMMA = YES;
				CLANG_WARN_CONSTANT_CONVERSION = YES;
				CLANG_WARN_DEPRECATED_OBJC_IMPLEMENTATIONS = YES;
				CLANG_WARN_DIRECT_OBJC_ISA_USAGE = YES_ERROR;
				CLANG_WARN_DOCUMENTATION_COMMENTS = YES;
				CLANG_WARN_EMPTY_BODY = YES;
				CLANG_WARN_ENUM_CONVERSION = YES;
				CLANG_WARN_INFINITE_RECURSION = YES;
				CLANG_WARN_INT_CONVERSION = YES;
				CLANG_WARN_NON_LITERAL_NULL_CONVERSION = YES;
				CLANG_WARN_OBJC_IMPLICIT_RETAIN_SELF = YES;
				CLANG_WARN_OBJC_LITERAL_CONVERSION = YES;
				CLANG_WARN_OBJC_ROOT_CLASS = YES_ERROR;
				CLANG_WARN_QUOTED_INCLUDE_IN_FRAMEWORK_HEADER = YES;
				CLANG_WARN_RANGE_LOOP_ANALYSIS = YES;
				CLANG_WARN_STRICT_PROTOTYPES = YES;
				CLANG_WARN_SUSPICIOUS_MOVE = YES;
				CLANG_WARN_UNGUARDED_AVAILABILITY = YES_AGGRESSIVE;
				CLANG_WARN_UNREACHABLE_CODE = YES;
				CLANG_WARN__DUPLICATE_METHOD_MATCH = YES;
				COPY_PHASE_STRIP = NO;
				DEBUG_INFORMATION_FORMAT = "dwarf-with-dsym";
				ENABLE_NS_ASSERTIONS = NO;
				ENABLE_STRICT_OBJC_MSGSEND = YES;
				ENABLE_USER_SCRIPT_SANDBOXING = YES;
				GCC_C_LANGUAGE_STANDARD = gnu17;
				GCC_NO_COMMON_BLOCKS = YES;
				GCC_WARN_64_TO_32_BIT_CONVERSION = YES;
				GCC_WARN_ABOUT_RETURN_TYPE = YES_ERROR;
				GCC_WARN_UNDECLARED_SELECTOR = YES;
				GCC_WARN_UNINITIALIZED_AUTOS = YES_AGGRESSIVE;
				GCC_WARN_UNUSED_FUNCTION = YES;
				GCC_WARN_UNUSED_VARIABLE = YES;
				IPHONEOS_DEPLOYMENT_TARGET = 18.2;
				LOCALIZATION_PREFERS_STRING_CATALOGS = YES;
				MTL_ENABLE_DEBUG_INFO = NO;
				MTL_FAST_MATH = YES;
				SDKROOT = iphoneos;
				SWIFT_COMPILATION_MODE = wholemodule;
				VALIDATE_PRODUCT = YES;
			};
			name = Release;
		};
		A0037E2C2E4393C200A69134 /* Debug */ = {
			isa = XCBuildConfiguration;
			buildSettings = {
				ASSETCATALOG_COMPILER_APPICON_NAME = AppIcon;
				ASSETCATALOG_COMPILER_GLOBAL_ACCENT_COLOR_NAME = AccentColor;
				CODE_SIGN_STYLE = Automatic;
				CURRENT_PROJECT_VERSION = 1;
				DEVELOPMENT_ASSET_PATHS = "\"SimpleCleanArchitecture/Preview Content\"";
				DEVELOPMENT_TEAM = KCZ9U3V7VQ;
				ENABLE_PREVIEWS = YES;
				GENERATE_INFOPLIST_FILE = YES;
				INFOPLIST_KEY_UIApplicationSceneManifest_Generation = YES;
				INFOPLIST_KEY_UIApplicationSupportsIndirectInputEvents = YES;
				INFOPLIST_KEY_UILaunchScreen_Generation = YES;
				INFOPLIST_KEY_UISupportedInterfaceOrientations_iPad = "UIInterfaceOrientationPortrait UIInterfaceOrientationPortraitUpsideDown UIInterfaceOrientationLandscapeLeft UIInterfaceOrientationLandscapeRight";
				INFOPLIST_KEY_UISupportedInterfaceOrientations_iPhone = "UIInterfaceOrientationPortrait UIInterfaceOrientationLandscapeLeft UIInterfaceOrientationLandscapeRight";
				LD_RUNPATH_SEARCH_PATHS = (
					"$(inherited)",
					"@executable_path/Frameworks",
				);
				MARKETING_VERSION = 1.0;
				PRODUCT_BUNDLE_IDENTIFIER = id.ios.rajaongkirios.SimpleCleanArchitecture;
				PRODUCT_NAME = "$(TARGET_NAME)";
				SWIFT_EMIT_LOC_STRINGS = YES;
				SWIFT_VERSION = 5.0;
				TARGETED_DEVICE_FAMILY = "1,2";
			};
			name = Debug;
		};
		A0037E2D2E4393C200A69134 /* Release */ = {
			isa = XCBuildConfiguration;
			buildSettings = {
				ASSETCATALOG_COMPILER_APPICON_NAME = AppIcon;
				ASSETCATALOG_COMPILER_GLOBAL_ACCENT_COLOR_NAME = AccentColor;
				CODE_SIGN_STYLE = Automatic;
				CURRENT_PROJECT_VERSION = 1;
				DEVELOPMENT_ASSET_PATHS = "\"SimpleCleanArchitecture/Preview Content\"";
				DEVELOPMENT_TEAM = KCZ9U3V7VQ;
				ENABLE_PREVIEWS = YES;
				GENERATE_INFOPLIST_FILE = YES;
				INFOPLIST_KEY_UIApplicationSceneManifest_Generation = YES;
				INFOPLIST_KEY_UIApplicationSupportsIndirectInputEvents = YES;
				INFOPLIST_KEY_UILaunchScreen_Generation = YES;
				INFOPLIST_KEY_UISupportedInterfaceOrientations_iPad = "UIInterfaceOrientationPortrait UIInterfaceOrientationPortraitUpsideDown UIInterfaceOrientationLandscapeLeft UIInterfaceOrientationLandscapeRight";
				INFOPLIST_KEY_UISupportedInterfaceOrientations_iPhone = "UIInterfaceOrientationPortrait UIInterfaceOrientationLandscapeLeft UIInterfaceOrientationLandscapeRight";
				LD_RUNPATH_SEARCH_PATHS = (
					"$(inherited)",
					"@executable_path/Frameworks",
				);
				MARKETING_VERSION = 1.0;
				PRODUCT_BUNDLE_IDENTIFIER = id.ios.rajaongkirios.SimpleCleanArchitecture;
				PRODUCT_NAME = "$(TARGET_NAME)";
				SWIFT_EMIT_LOC_STRINGS = YES;
				SWIFT_VERSION = 5.0;
				TARGETED_DEVICE_FAMILY = "1,2";
			};
			name = Release;
		};
		A0037E2F2E4393C200A69134 /* Debug */ = {
			isa = XCBuildConfiguration;
			buildSettings = {
				BUNDLE_LOADER = "$(TEST_HOST)";
				CODE_SIGN_STYLE = Automatic;
				CURRENT_PROJECT_VERSION = 1;
				DEVELOPMENT_TEAM = KCZ9U3V7VQ;
				GENERATE_INFOPLIST_FILE = YES;
				IPHONEOS_DEPLOYMENT_TARGET = 18.2;
				MARKETING_VERSION = 1.0;
				PRODUCT_BUNDLE_IDENTIFIER = id.ios.rajaongkirios.SimpleCleanArchitectureTests;
				PRODUCT_NAME = "$(TARGET_NAME)";
				SWIFT_EMIT_LOC_STRINGS = NO;
				SWIFT_VERSION = 5.0;
				TARGETED_DEVICE_FAMILY = "1,2";
				TEST_HOST = "$(BUILT_PRODUCTS_DIR)/SimpleCleanArchitecture.app/$(BUNDLE_EXECUTABLE_FOLDER_PATH)/SimpleCleanArchitecture";
			};
			name = Debug;
		};
		A0037E302E4393C200A69134 /* Release */ = {
			isa = XCBuildConfiguration;
			buildSettings = {
				BUNDLE_LOADER = "$(TEST_HOST)";
				CODE_SIGN_STYLE = Automatic;
				CURRENT_PROJECT_VERSION = 1;
				DEVELOPMENT_TEAM = KCZ9U3V7VQ;
				GENERATE_INFOPLIST_FILE = YES;
				IPHONEOS_DEPLOYMENT_TARGET = 18.2;
				MARKETING_VERSION = 1.0;
				PRODUCT_BUNDLE_IDENTIFIER = id.ios.rajaongkirios.SimpleCleanArchitectureTests;
				PRODUCT_NAME = "$(TARGET_NAME)";
				SWIFT_EMIT_LOC_STRINGS = NO;
				SWIFT_VERSION = 5.0;
				TARGETED_DEVICE_FAMILY = "1,2";
				TEST_HOST = "$(BUILT_PRODUCTS_DIR)/SimpleCleanArchitecture.app/$(BUNDLE_EXECUTABLE_FOLDER_PATH)/SimpleCleanArchitecture";
			};
			name = Release;
		};
		A0037E322E4393C200A69134 /* Debug */ = {
			isa = XCBuildConfiguration;
			buildSettings = {
				CODE_SIGN_STYLE = Automatic;
				CURRENT_PROJECT_VERSION = 1;
				DEVELOPMENT_TEAM = KCZ9U3V7VQ;
				GENERATE_INFOPLIST_FILE = YES;
				MARKETING_VERSION = 1.0;
				PRODUCT_BUNDLE_IDENTIFIER = id.ios.rajaongkirios.SimpleCleanArchitectureUITests;
				PRODUCT_NAME = "$(TARGET_NAME)";
				SWIFT_EMIT_LOC_STRINGS = NO;
				SWIFT_VERSION = 5.0;
				TARGETED_DEVICE_FAMILY = "1,2";
				TEST_TARGET_NAME = SimpleCleanArchitecture;
			};
			name = Debug;
		};
		A0037E332E4393C200A69134 /* Release */ = {
			isa = XCBuildConfiguration;
			buildSettings = {
				CODE_SIGN_STYLE = Automatic;
				CURRENT_PROJECT_VERSION = 1;
				DEVELOPMENT_TEAM = KCZ9U3V7VQ;
				GENERATE_INFOPLIST_FILE = YES;
				MARKETING_VERSION = 1.0;
				PRODUCT_BUNDLE_IDENTIFIER = id.ios.rajaongkirios.SimpleCleanArchitectureUITests;
				PRODUCT_NAME = "$(TARGET_NAME)";
				SWIFT_EMIT_LOC_STRINGS = NO;
				SWIFT_VERSION = 5.0;
				TARGETED_DEVICE_FAMILY = "1,2";
				TEST_TARGET_NAME = SimpleCleanArchitecture;
			};
			name = Release;
		};
/* End XCBuildConfiguration section */

/* Begin XCConfigurationList section */
		A0037E022E4393BF00A69134 /* Build configuration list for PBXProject "SimpleCleanArchitecture" */ = {
			isa = XCConfigurationList;
			buildConfigurations = (
				A0037E292E4393C200A69134 /* Debug */,
				A0037E2A2E4393C200A69134 /* Release */,
			);
			defaultConfigurationIsVisible = 0;
			defaultConfigurationName = Release;
		};
		A0037E2B2E4393C200A69134 /* Build configuration list for PBXNativeTarget "SimpleCleanArchitecture" */ = {
			isa = XCConfigurationList;
			buildConfigurations = (
				A0037E2C2E4393C200A69134 /* Debug */,
				A0037E2D2E4393C200A69134 /* Release */,
			);
			defaultConfigurationIsVisible = 0;
			defaultConfigurationName = Release;
		};
		A0037E2E2E4393C200A69134 /* Build configuration list for PBXNativeTarget "SimpleCleanArchitectureTests" */ = {
			isa = XCConfigurationList;
			buildConfigurations = (
				A0037E2F2E4393C200A69134 /* Debug */,
				A0037E302E4393C200A69134 /* Release */,
			);
			defaultConfigurationIsVisible = 0;
			defaultConfigurationName = Release;
		};
		A0037E312E4393C200A69134 /* Build configuration list for PBXNativeTarget "SimpleCleanArchitectureUITests" */ = {
			isa = XCConfigurationList;
			buildConfigurations = (
				A0037E322E4393C200A69134 /* Debug */,
				A0037E332E4393C200A69134 /* Release */,
			);
			defaultConfigurationIsVisible = 0;
			defaultConfigurationName = Release;
		};
/* End XCConfigurationList section */
	};
	rootObject = A0037DFF2E4393BF00A69134 /* Project object */;
}
